
Microsoft Visual Studio Solution File, Format Version 12.00
# Visual Studio 15
VisualStudioVersion = 15.0.26730.3
MinimumVisualStudioVersion = 10.0.40219.1
Project("{9A19103F-16F7-4668-BE54-9A1E7A4F7556}") = "Vehicles.Persistence", "Vehicles.Persistence\Vehicles.Persistence.csproj", "{88656EE8-2D05-4ABF-BDE1-93BE5B9E754A}"
EndProject
Project("{9A19103F-16F7-4668-BE54-9A1E7A4F7556}") = "Sql", "Sql\Sql.csproj", "{2494CECB-C195-47ED-B2D1-48A5CD1E614F}"
EndProject
Project("{9A19103F-16F7-4668-BE54-9A1E7A4F7556}") = "Vehicles.Cars", "Vehicles.Cars\Vehicles.Cars.csproj", "{F799589D-14F2-4230-BC60-66DEA8737424}"
EndProject
Project("{FAE04EC0-301F-11D3-BF4B-00C04F79EFBC}") = "Vehicles.Trucks", "Vehicles.Trucks\Vehicles.Trucks.csproj", "{4DE44D3F-3AF6-4F4A-B584-991879788832}"
EndProject
Global
	GlobalSection(SolutionConfigurationPlatforms) = preSolution
		Debug|Any CPU = Debug|Any CPU
		Release|Any CPU = Release|Any CPU
	EndGlobalSection
	GlobalSection(ProjectConfigurationPlatforms) = postSolution
		{88656EE8-2D05-4ABF-BDE1-93BE5B9E754A}.Debug|Any CPU.ActiveCfg = Debug|Any CPU
		{88656EE8-2D05-4ABF-BDE1-93BE5B9E754A}.Debug|Any CPU.Build.0 = Debug|Any CPU
		{88656EE8-2D05-4ABF-BDE1-93BE5B9E754A}.Release|Any CPU.ActiveCfg = Release|Any CPU
		{88656EE8-2D05-4ABF-BDE1-93BE5B9E754A}.Release|Any CPU.Build.0 = Release|Any CPU
		{2494CECB-C195-47ED-B2D1-48A5CD1E614F}.Debug|Any CPU.ActiveCfg = Debug|Any CPU
		{2494CECB-C195-47ED-B2D1-48A5CD1E614F}.Debug|Any CPU.Build.0 = Debug|Any CPU
		{2494CECB-C195-47ED-B2D1-48A5CD1E614F}.Release|Any CPU.ActiveCfg = Release|Any CPU
		{2494CECB-C195-47ED-B2D1-48A5CD1E614F}.Release|Any CPU.Build.0 = Release|Any CPU
		{F799589D-14F2-4230-BC60-66DEA8737424}.Debug|Any CPU.ActiveCfg = Debug|Any CPU
		{F799589D-14F2-4230-BC60-66DEA8737424}.Debug|Any CPU.Build.0 = Debug|Any CPU
		{F799589D-14F2-4230-BC60-66DEA8737424}.Release|Any CPU.ActiveCfg = Release|Any CPU
		{F799589D-14F2-4230-BC60-66DEA8737424}.Release|Any CPU.Build.0 = Release|Any CPU
		{4DE44D3F-3AF6-4F4A-B584-991879788832}.Debug|Any CPU.ActiveCfg = Debug|Any CPU
		{4DE44D3F-3AF6-4F4A-B584-991879788832}.Debug|Any CPU.Build.0 = Debug|Any CPU
		{4DE44D3F-3AF6-4F4A-B584-991879788832}.Release|Any CPU.ActiveCfg = Release|Any CPU
		{4DE44D3F-3AF6-4F4A-B584-991879788832}.Release|Any CPU.Build.0 = Release|Any CPU
	EndGlobalSection
	GlobalSection(SolutionProperties) = preSolution
		HideSolutionNode = FALSE
	EndGlobalSection
	GlobalSection(ExtensibilityGlobals) = postSolution
		SolutionGuid = {719E113D-DB19-444F-9803-6752714DFB9B}
	EndGlobalSection
EndGlobal
